
Microsoft Visual Studio Solution File, Format Version 12.00
# Visual Studio Version 17
VisualStudioVersion = 17.8.34322.80
MinimumVisualStudioVersion = 10.0.40219.1
Project("{9A19103F-16F7-4668-BE54-9A1E7A4F7556}") = "ConsoleAppLinkedList", "ConsoleAppLinkedList\ConsoleAppLinkedList.csproj", "{1ABC88A7-002E-4BAC-9825-4EE799806869}"
EndProject
Project("{FAE04EC0-301F-11D3-BF4B-00C04F79EFBC}") = "ConsoleAppListasEnlazadasNet", "ConsoleAppListasEnlazadasNet\ConsoleAppListasEnlazadasNet.csproj", "{629AEDD4-79E6-4CA1-9DC6-FB77380F0728}"
EndProject
Global
	GlobalSection(SolutionConfigurationPlatforms) = preSolution
		Debug|Any CPU = Debug|Any CPU
		Release|Any CPU = Release|Any CPU
	EndGlobalSection
	GlobalSection(ProjectConfigurationPlatforms) = postSolution
		{1ABC88A7-002E-4BAC-9825-4EE799806869}.Debug|Any CPU.ActiveCfg = Debug|Any CPU
		{1ABC88A7-002E-4BAC-9825-4EE799806869}.Debug|Any CPU.Build.0 = Debug|Any CPU
		{1ABC88A7-002E-4BAC-9825-4EE799806869}.Release|Any CPU.ActiveCfg = Release|Any CPU
		{1ABC88A7-002E-4BAC-9825-4EE799806869}.Release|Any CPU.Build.0 = Release|Any CPU
		{629AEDD4-79E6-4CA1-9DC6-FB77380F0728}.Debug|Any CPU.ActiveCfg = Debug|Any CPU
		{629AEDD4-79E6-4CA1-9DC6-FB77380F0728}.Debug|Any CPU.Build.0 = Debug|Any CPU
		{629AEDD4-79E6-4CA1-9DC6-FB77380F0728}.Release|Any CPU.ActiveCfg = Release|Any CPU
		{629AEDD4-79E6-4CA1-9DC6-FB77380F0728}.Release|Any CPU.Build.0 = Release|Any CPU
	EndGlobalSection
	GlobalSection(SolutionProperties) = preSolution
		HideSolutionNode = FALSE
	EndGlobalSection
	GlobalSection(ExtensibilityGlobals) = postSolution
		SolutionGuid = {EF26703E-BF7A-492A-83D3-FDEE0C376DB1}
	EndGlobalSection
EndGlobal
